
Microsoft Visual Studio Solution File, Format Version 12.00
# Visual Studio Version 17
VisualStudioVersion = 17.8.34316.72
MinimumVisualStudioVersion = 10.0.40219.1
Project("{9A19103F-16F7-4668-BE54-9A1E7A4F7556}") = "GrocerEase", "GrocerEase\GrocerEase.csproj", "{38EAB9B0-E219-45EC-BF0C-0E84CED3A85B}"
EndProject
Global
	GlobalSection(SolutionConfigurationPlatforms) = preSolution
		Debug|Any CPU = Debug|Any CPU
		Release|Any CPU = Release|Any CPU
	EndGlobalSection
	GlobalSection(ProjectConfigurationPlatforms) = postSolution
		{38EAB9B0-E219-45EC-BF0C-0E84CED3A85B}.Debug|Any CPU.ActiveCfg = Debug|Any CPU
		{38EAB9B0-E219-45EC-BF0C-0E84CED3A85B}.Debug|Any CPU.Build.0 = Debug|Any CPU
		{38EAB9B0-E219-45EC-BF0C-0E84CED3A85B}.Release|Any CPU.ActiveCfg = Release|Any CPU
		{38EAB9B0-E219-45EC-BF0C-0E84CED3A85B}.Release|Any CPU.Build.0 = Release|Any CPU
	EndGlobalSection
	GlobalSection(SolutionProperties) = preSolution
		HideSolutionNode = FALSE
	EndGlobalSection
	GlobalSection(ExtensibilityGlobals) = postSolution
		SolutionGuid = {18F3487C-CBC4-4B3D-BCAC-12344E19790F}
	EndGlobalSection
EndGlobal
